
Microsoft Visual Studio Solution File, Format Version 11.00
# Visual C++ Express 2010
Project("{8BC9CEB8-8B4A-11D0-8D11-00A0C91BC942}") = "detourshook", "detourshook\detourshook.vcxproj", "{94B10097-EC4D-406D-A788-A0D4F1D4AC6C}"
EndProject
Project("{8BC9CEB8-8B4A-11D0-8D11-00A0C91BC942}") = "helloworld", "helloworld\helloworld.vcxproj", "{67C38CB4-89D8-4950-BA41-2AACEC18318C}"
EndProject
Global
	GlobalSection(SolutionConfigurationPlatforms) = preSolution
		Debug|Win32 = Debug|Win32
		Release|Win32 = Release|Win32
	EndGlobalSection
	GlobalSection(ProjectConfigurationPlatforms) = postSolution
		{94B10097-EC4D-406D-A788-A0D4F1D4AC6C}.Debug|Win32.ActiveCfg = Debug|Win32
		{94B10097-EC4D-406D-A788-A0D4F1D4AC6C}.Debug|Win32.Build.0 = Debug|Win32
		{94B10097-EC4D-406D-A788-A0D4F1D4AC6C}.Release|Win32.ActiveCfg = Release|Win32
		{94B10097-EC4D-406D-A788-A0D4F1D4AC6C}.Release|Win32.Build.0 = Release|Win32
		{67C38CB4-89D8-4950-BA41-2AACEC18318C}.Debug|Win32.ActiveCfg = Debug|Win32
		{67C38CB4-89D8-4950-BA41-2AACEC18318C}.Debug|Win32.Build.0 = Debug|Win32
		{67C38CB4-89D8-4950-BA41-2AACEC18318C}.Release|Win32.ActiveCfg = Release|Win32
		{67C38CB4-89D8-4950-BA41-2AACEC18318C}.Release|Win32.Build.0 = Release|Win32
	EndGlobalSection
	GlobalSection(SolutionProperties) = preSolution
		HideSolutionNode = FALSE
	EndGlobalSection
EndGlobal
