
Microsoft Visual Studio Solution File, Format Version 11.00
# Visual C++ Express 2010
Project("{8BC9CEB8-8B4A-11D0-8D11-00A0C91BC942}") = "dllinjection", "dllinjection\dllinjection.vcxproj", "{30D12DF1-9CF9-4440-BEF6-0DDE2BAB2BBC}"
EndProject
Project("{8BC9CEB8-8B4A-11D0-8D11-00A0C91BC942}") = "sampledll", "sampledll\sampledll.vcxproj", "{1234065E-0EFF-4B6F-8154-FE4A51F7B4FD}"
EndProject
Global
	GlobalSection(SolutionConfigurationPlatforms) = preSolution
		Debug|Win32 = Debug|Win32
		Release|Win32 = Release|Win32
	EndGlobalSection
	GlobalSection(ProjectConfigurationPlatforms) = postSolution
		{30D12DF1-9CF9-4440-BEF6-0DDE2BAB2BBC}.Debug|Win32.ActiveCfg = Debug|Win32
		{30D12DF1-9CF9-4440-BEF6-0DDE2BAB2BBC}.Debug|Win32.Build.0 = Debug|Win32
		{30D12DF1-9CF9-4440-BEF6-0DDE2BAB2BBC}.Release|Win32.ActiveCfg = Release|Win32
		{30D12DF1-9CF9-4440-BEF6-0DDE2BAB2BBC}.Release|Win32.Build.0 = Release|Win32
		{1234065E-0EFF-4B6F-8154-FE4A51F7B4FD}.Debug|Win32.ActiveCfg = Debug|Win32
		{1234065E-0EFF-4B6F-8154-FE4A51F7B4FD}.Debug|Win32.Build.0 = Debug|Win32
		{1234065E-0EFF-4B6F-8154-FE4A51F7B4FD}.Release|Win32.ActiveCfg = Release|Win32
		{1234065E-0EFF-4B6F-8154-FE4A51F7B4FD}.Release|Win32.Build.0 = Release|Win32
	EndGlobalSection
	GlobalSection(SolutionProperties) = preSolution
		HideSolutionNode = FALSE
	EndGlobalSection
EndGlobal
