
Microsoft Visual Studio Solution File, Format Version 11.00
# Visual C++ Express 2010
Project("{8BC9CEB8-8B4A-11D0-8D11-00A0C91BC942}") = "wsample01a", "wsample01a\wsample01a.vcxproj", "{7A3E93DB-6D88-4991-BC1A-47329C6902DB}"
EndProject
Global
	GlobalSection(SolutionConfigurationPlatforms) = preSolution
		Debug|Win32 = Debug|Win32
		Release|Win32 = Release|Win32
	EndGlobalSection
	GlobalSection(ProjectConfigurationPlatforms) = postSolution
		{7A3E93DB-6D88-4991-BC1A-47329C6902DB}.Debug|Win32.ActiveCfg = Debug|Win32
		{7A3E93DB-6D88-4991-BC1A-47329C6902DB}.Debug|Win32.Build.0 = Debug|Win32
		{7A3E93DB-6D88-4991-BC1A-47329C6902DB}.Release|Win32.ActiveCfg = Release|Win32
		{7A3E93DB-6D88-4991-BC1A-47329C6902DB}.Release|Win32.Build.0 = Release|Win32
	EndGlobalSection
	GlobalSection(SolutionProperties) = preSolution
		HideSolutionNode = FALSE
	EndGlobalSection
EndGlobal
